
Microsoft Visual Studio Solution File, Format Version 12.00
# Visual Studio Version 16
VisualStudioVersion = 16.0.31005.135
MinimumVisualStudioVersion = 10.0.40219.1
Project("{9A19103F-16F7-4668-BE54-9A1E7A4F7556}") = "Strategies.Data", "Strategies.Data\Strategies.Data.csproj", "{DB2FF767-E0E8-4B8C-97F2-1639338668C0}"
EndProject
Project("{9A19103F-16F7-4668-BE54-9A1E7A4F7556}") = "Strategies", "..\Strategies\Strategies\Strategies.csproj", "{AF9D8122-FECA-4F9F-8A24-89A252159B8D}"
EndProject
Project("{9A19103F-16F7-4668-BE54-9A1E7A4F7556}") = "Strategies.Data.Test", "Strategies.Data.Test\Strategies.Data.Test.csproj", "{95E2B949-147F-4263-A330-F017D628BB04}"
EndProject
Global
	GlobalSection(SolutionConfigurationPlatforms) = preSolution
		Debug|Any CPU = Debug|Any CPU
		Release|Any CPU = Release|Any CPU
	EndGlobalSection
	GlobalSection(ProjectConfigurationPlatforms) = postSolution
		{DB2FF767-E0E8-4B8C-97F2-1639338668C0}.Debug|Any CPU.ActiveCfg = Debug|Any CPU
		{DB2FF767-E0E8-4B8C-97F2-1639338668C0}.Debug|Any CPU.Build.0 = Debug|Any CPU
		{DB2FF767-E0E8-4B8C-97F2-1639338668C0}.Release|Any CPU.ActiveCfg = Release|Any CPU
		{DB2FF767-E0E8-4B8C-97F2-1639338668C0}.Release|Any CPU.Build.0 = Release|Any CPU
		{AF9D8122-FECA-4F9F-8A24-89A252159B8D}.Debug|Any CPU.ActiveCfg = Debug|Any CPU
		{AF9D8122-FECA-4F9F-8A24-89A252159B8D}.Debug|Any CPU.Build.0 = Debug|Any CPU
		{AF9D8122-FECA-4F9F-8A24-89A252159B8D}.Release|Any CPU.ActiveCfg = Release|Any CPU
		{AF9D8122-FECA-4F9F-8A24-89A252159B8D}.Release|Any CPU.Build.0 = Release|Any CPU
		{95E2B949-147F-4263-A330-F017D628BB04}.Debug|Any CPU.ActiveCfg = Debug|Any CPU
		{95E2B949-147F-4263-A330-F017D628BB04}.Debug|Any CPU.Build.0 = Debug|Any CPU
		{95E2B949-147F-4263-A330-F017D628BB04}.Release|Any CPU.ActiveCfg = Release|Any CPU
		{95E2B949-147F-4263-A330-F017D628BB04}.Release|Any CPU.Build.0 = Release|Any CPU
	EndGlobalSection
	GlobalSection(SolutionProperties) = preSolution
		HideSolutionNode = FALSE
	EndGlobalSection
	GlobalSection(ExtensibilityGlobals) = postSolution
		SolutionGuid = {7D318A14-A3BD-42C1-BBDC-E68E39F02933}
	EndGlobalSection
EndGlobal
